
Microsoft Visual Studio Solution File, Format Version 12.00
# Visual Studio 14
VisualStudioVersion = 14.0.25123.0
MinimumVisualStudioVersion = 10.0.40219.1
Project("{8BC9CEB8-8B4A-11D0-8D11-00A0C91BC942}") = "Amendux", "Amendux\Amendux.vcxproj", "{FDB2FF81-E69A-4E3A-8281-8B1099B38D14}"
EndProject
Project("{2150E333-8FDC-42A3-9474-1A3956D46DE8}") = "AVC Endpoint", "AVC Endpoint", "{623109C2-7769-437E-A67D-538A710A302E}"
	ProjectSection(SolutionItems) = preProject
		avc_endpoint.php = avc_endpoint.php
	EndProjectSection
EndProject
Project("{8BC9CEB8-8B4A-11D0-8D11-00A0C91BC942}") = "ShellMod", "ShellMod\ShellMod.vcxproj", "{CCFB45A2-7317-4CA1-8152-59166846EB4F}"
EndProject
Project("{8BC9CEB8-8B4A-11D0-8D11-00A0C91BC942}") = "AdminConsole", "AdminConsole\AdminConsole.vcxproj", "{5AA7FAC8-87FF-4FC1-A47F-748E4BD6699D}"
EndProject
Global
	GlobalSection(SolutionConfigurationPlatforms) = preSolution
		Debug|x64 = Debug|x64
		Debug|x86 = Debug|x86
		DebugDLL|x64 = DebugDLL|x64
		DebugDLL|x86 = DebugDLL|x86
		DebugLIB|x64 = DebugLIB|x64
		DebugLIB|x86 = DebugLIB|x86
		DebugLTCG|x64 = DebugLTCG|x64
		DebugLTCG|x86 = DebugLTCG|x86
		Release|x64 = Release|x64
		Release|x86 = Release|x86
		ReleaseDLL|x64 = ReleaseDLL|x64
		ReleaseDLL|x86 = ReleaseDLL|x86
		ReleaseLIB|x64 = ReleaseLIB|x64
		ReleaseLIB|x86 = ReleaseLIB|x86
		ReleaseLTCG|x64 = ReleaseLTCG|x64
		ReleaseLTCG|x86 = ReleaseLTCG|x86
	EndGlobalSection
	GlobalSection(ProjectConfigurationPlatforms) = postSolution
		{FDB2FF81-E69A-4E3A-8281-8B1099B38D14}.Debug|x64.ActiveCfg = Debug|x64
		{FDB2FF81-E69A-4E3A-8281-8B1099B38D14}.Debug|x64.Build.0 = Debug|x64
		{FDB2FF81-E69A-4E3A-8281-8B1099B38D14}.Debug|x86.ActiveCfg = Debug|Win32
		{FDB2FF81-E69A-4E3A-8281-8B1099B38D14}.Debug|x86.Build.0 = Debug|Win32
		{FDB2FF81-E69A-4E3A-8281-8B1099B38D14}.DebugDLL|x64.ActiveCfg = Debug|x64
		{FDB2FF81-E69A-4E3A-8281-8B1099B38D14}.DebugDLL|x64.Build.0 = Debug|x64
		{FDB2FF81-E69A-4E3A-8281-8B1099B38D14}.DebugDLL|x86.ActiveCfg = Debug|Win32
		{FDB2FF81-E69A-4E3A-8281-8B1099B38D14}.DebugDLL|x86.Build.0 = Debug|Win32
		{FDB2FF81-E69A-4E3A-8281-8B1099B38D14}.DebugLIB|x64.ActiveCfg = Debug|x64
		{FDB2FF81-E69A-4E3A-8281-8B1099B38D14}.DebugLIB|x64.Build.0 = Debug|x64
		{FDB2FF81-E69A-4E3A-8281-8B1099B38D14}.DebugLIB|x86.ActiveCfg = Debug|Win32
		{FDB2FF81-E69A-4E3A-8281-8B1099B38D14}.DebugLIB|x86.Build.0 = Debug|Win32
		{FDB2FF81-E69A-4E3A-8281-8B1099B38D14}.DebugLTCG|x64.ActiveCfg = Debug|x64
		{FDB2FF81-E69A-4E3A-8281-8B1099B38D14}.DebugLTCG|x64.Build.0 = Debug|x64
		{FDB2FF81-E69A-4E3A-8281-8B1099B38D14}.DebugLTCG|x86.ActiveCfg = Debug|Win32
		{FDB2FF81-E69A-4E3A-8281-8B1099B38D14}.DebugLTCG|x86.Build.0 = Debug|Win32
		{FDB2FF81-E69A-4E3A-8281-8B1099B38D14}.Release|x64.ActiveCfg = Release|x64
		{FDB2FF81-E69A-4E3A-8281-8B1099B38D14}.Release|x64.Build.0 = Release|x64
		{FDB2FF81-E69A-4E3A-8281-8B1099B38D14}.Release|x86.ActiveCfg = Release|Win32
		{FDB2FF81-E69A-4E3A-8281-8B1099B38D14}.Release|x86.Build.0 = Release|Win32
		{FDB2FF81-E69A-4E3A-8281-8B1099B38D14}.ReleaseDLL|x64.ActiveCfg = Release|x64
		{FDB2FF81-E69A-4E3A-8281-8B1099B38D14}.ReleaseDLL|x64.Build.0 = Release|x64
		{FDB2FF81-E69A-4E3A-8281-8B1099B38D14}.ReleaseDLL|x86.ActiveCfg = Release|Win32
		{FDB2FF81-E69A-4E3A-8281-8B1099B38D14}.ReleaseDLL|x86.Build.0 = Release|Win32
		{FDB2FF81-E69A-4E3A-8281-8B1099B38D14}.ReleaseLIB|x64.ActiveCfg = Release|x64
		{FDB2FF81-E69A-4E3A-8281-8B1099B38D14}.ReleaseLIB|x64.Build.0 = Release|x64
		{FDB2FF81-E69A-4E3A-8281-8B1099B38D14}.ReleaseLIB|x86.ActiveCfg = Release|Win32
		{FDB2FF81-E69A-4E3A-8281-8B1099B38D14}.ReleaseLIB|x86.Build.0 = Release|Win32
		{FDB2FF81-E69A-4E3A-8281-8B1099B38D14}.ReleaseLTCG|x64.ActiveCfg = Release|x64
		{FDB2FF81-E69A-4E3A-8281-8B1099B38D14}.ReleaseLTCG|x64.Build.0 = Release|x64
		{FDB2FF81-E69A-4E3A-8281-8B1099B38D14}.ReleaseLTCG|x86.ActiveCfg = Release|Win32
		{FDB2FF81-E69A-4E3A-8281-8B1099B38D14}.ReleaseLTCG|x86.Build.0 = Release|Win32
		{CCFB45A2-7317-4CA1-8152-59166846EB4F}.Debug|x64.ActiveCfg = Debug|x64
		{CCFB45A2-7317-4CA1-8152-59166846EB4F}.Debug|x64.Build.0 = Debug|x64
		{CCFB45A2-7317-4CA1-8152-59166846EB4F}.Debug|x86.ActiveCfg = Debug|Win32
		{CCFB45A2-7317-4CA1-8152-59166846EB4F}.Debug|x86.Build.0 = Debug|Win32
		{CCFB45A2-7317-4CA1-8152-59166846EB4F}.DebugDLL|x64.ActiveCfg = Debug|x64
		{CCFB45A2-7317-4CA1-8152-59166846EB4F}.DebugDLL|x64.Build.0 = Debug|x64
		{CCFB45A2-7317-4CA1-8152-59166846EB4F}.DebugDLL|x86.ActiveCfg = Debug|Win32
		{CCFB45A2-7317-4CA1-8152-59166846EB4F}.DebugDLL|x86.Build.0 = Debug|Win32
		{CCFB45A2-7317-4CA1-8152-59166846EB4F}.DebugLIB|x64.ActiveCfg = Debug|x64
		{CCFB45A2-7317-4CA1-8152-59166846EB4F}.DebugLIB|x64.Build.0 = Debug|x64
		{CCFB45A2-7317-4CA1-8152-59166846EB4F}.DebugLIB|x86.ActiveCfg = Debug|Win32
		{CCFB45A2-7317-4CA1-8152-59166846EB4F}.DebugLIB|x86.Build.0 = Debug|Win32
		{CCFB45A2-7317-4CA1-8152-59166846EB4F}.DebugLTCG|x64.ActiveCfg = Debug|x64
		{CCFB45A2-7317-4CA1-8152-59166846EB4F}.DebugLTCG|x64.Build.0 = Debug|x64
		{CCFB45A2-7317-4CA1-8152-59166846EB4F}.DebugLTCG|x86.ActiveCfg = Debug|Win32
		{CCFB45A2-7317-4CA1-8152-59166846EB4F}.DebugLTCG|x86.Build.0 = Debug|Win32
		{CCFB45A2-7317-4CA1-8152-59166846EB4F}.Release|x64.ActiveCfg = Release|x64
		{CCFB45A2-7317-4CA1-8152-59166846EB4F}.Release|x64.Build.0 = Release|x64
		{CCFB45A2-7317-4CA1-8152-59166846EB4F}.Release|x86.ActiveCfg = Release|Win32
		{CCFB45A2-7317-4CA1-8152-59166846EB4F}.Release|x86.Build.0 = Release|Win32
		{CCFB45A2-7317-4CA1-8152-59166846EB4F}.ReleaseDLL|x64.ActiveCfg = Release|x64
		{CCFB45A2-7317-4CA1-8152-59166846EB4F}.ReleaseDLL|x64.Build.0 = Release|x64
		{CCFB45A2-7317-4CA1-8152-59166846EB4F}.ReleaseDLL|x86.ActiveCfg = Release|Win32
		{CCFB45A2-7317-4CA1-8152-59166846EB4F}.ReleaseDLL|x86.Build.0 = Release|Win32
		{CCFB45A2-7317-4CA1-8152-59166846EB4F}.ReleaseLIB|x64.ActiveCfg = Release|x64
		{CCFB45A2-7317-4CA1-8152-59166846EB4F}.ReleaseLIB|x64.Build.0 = Release|x64
		{CCFB45A2-7317-4CA1-8152-59166846EB4F}.ReleaseLIB|x86.ActiveCfg = Release|Win32
		{CCFB45A2-7317-4CA1-8152-59166846EB4F}.ReleaseLIB|x86.Build.0 = Release|Win32
		{CCFB45A2-7317-4CA1-8152-59166846EB4F}.ReleaseLTCG|x64.ActiveCfg = Release|x64
		{CCFB45A2-7317-4CA1-8152-59166846EB4F}.ReleaseLTCG|x64.Build.0 = Release|x64
		{CCFB45A2-7317-4CA1-8152-59166846EB4F}.ReleaseLTCG|x86.ActiveCfg = Release|Win32
		{CCFB45A2-7317-4CA1-8152-59166846EB4F}.ReleaseLTCG|x86.Build.0 = Release|Win32
		{5AA7FAC8-87FF-4FC1-A47F-748E4BD6699D}.Debug|x64.ActiveCfg = Debug|x64
		{5AA7FAC8-87FF-4FC1-A47F-748E4BD6699D}.Debug|x64.Build.0 = Debug|x64
		{5AA7FAC8-87FF-4FC1-A47F-748E4BD6699D}.Debug|x86.ActiveCfg = Debug|Win32
		{5AA7FAC8-87FF-4FC1-A47F-748E4BD6699D}.Debug|x86.Build.0 = Debug|Win32
		{5AA7FAC8-87FF-4FC1-A47F-748E4BD6699D}.DebugDLL|x64.ActiveCfg = Debug|x64
		{5AA7FAC8-87FF-4FC1-A47F-748E4BD6699D}.DebugDLL|x64.Build.0 = Debug|x64
		{5AA7FAC8-87FF-4FC1-A47F-748E4BD6699D}.DebugDLL|x86.ActiveCfg = Debug|Win32
		{5AA7FAC8-87FF-4FC1-A47F-748E4BD6699D}.DebugDLL|x86.Build.0 = Debug|Win32
		{5AA7FAC8-87FF-4FC1-A47F-748E4BD6699D}.DebugLIB|x64.ActiveCfg = Debug|x64
		{5AA7FAC8-87FF-4FC1-A47F-748E4BD6699D}.DebugLIB|x64.Build.0 = Debug|x64
		{5AA7FAC8-87FF-4FC1-A47F-748E4BD6699D}.DebugLIB|x86.ActiveCfg = Debug|Win32
		{5AA7FAC8-87FF-4FC1-A47F-748E4BD6699D}.DebugLIB|x86.Build.0 = Debug|Win32
		{5AA7FAC8-87FF-4FC1-A47F-748E4BD6699D}.DebugLTCG|x64.ActiveCfg = Debug|x64
		{5AA7FAC8-87FF-4FC1-A47F-748E4BD6699D}.DebugLTCG|x64.Build.0 = Debug|x64
		{5AA7FAC8-87FF-4FC1-A47F-748E4BD6699D}.DebugLTCG|x86.ActiveCfg = Debug|Win32
		{5AA7FAC8-87FF-4FC1-A47F-748E4BD6699D}.DebugLTCG|x86.Build.0 = Debug|Win32
		{5AA7FAC8-87FF-4FC1-A47F-748E4BD6699D}.Release|x64.ActiveCfg = Release|x64
		{5AA7FAC8-87FF-4FC1-A47F-748E4BD6699D}.Release|x64.Build.0 = Release|x64
		{5AA7FAC8-87FF-4FC1-A47F-748E4BD6699D}.Release|x86.ActiveCfg = Release|Win32
		{5AA7FAC8-87FF-4FC1-A47F-748E4BD6699D}.Release|x86.Build.0 = Release|Win32
		{5AA7FAC8-87FF-4FC1-A47F-748E4BD6699D}.ReleaseDLL|x64.ActiveCfg = Release|x64
		{5AA7FAC8-87FF-4FC1-A47F-748E4BD6699D}.ReleaseDLL|x64.Build.0 = Release|x64
		{5AA7FAC8-87FF-4FC1-A47F-748E4BD6699D}.ReleaseDLL|x86.ActiveCfg = Release|Win32
		{5AA7FAC8-87FF-4FC1-A47F-748E4BD6699D}.ReleaseDLL|x86.Build.0 = Release|Win32
		{5AA7FAC8-87FF-4FC1-A47F-748E4BD6699D}.ReleaseLIB|x64.ActiveCfg = Release|x64
		{5AA7FAC8-87FF-4FC1-A47F-748E4BD6699D}.ReleaseLIB|x64.Build.0 = Release|x64
		{5AA7FAC8-87FF-4FC1-A47F-748E4BD6699D}.ReleaseLIB|x86.ActiveCfg = Release|Win32
		{5AA7FAC8-87FF-4FC1-A47F-748E4BD6699D}.ReleaseLIB|x86.Build.0 = Release|Win32
		{5AA7FAC8-87FF-4FC1-A47F-748E4BD6699D}.ReleaseLTCG|x64.ActiveCfg = Release|x64
		{5AA7FAC8-87FF-4FC1-A47F-748E4BD6699D}.ReleaseLTCG|x64.Build.0 = Release|x64
		{5AA7FAC8-87FF-4FC1-A47F-748E4BD6699D}.ReleaseLTCG|x86.ActiveCfg = Release|Win32
		{5AA7FAC8-87FF-4FC1-A47F-748E4BD6699D}.ReleaseLTCG|x86.Build.0 = Release|Win32
	EndGlobalSection
	GlobalSection(SolutionProperties) = preSolution
		HideSolutionNode = FALSE
	EndGlobalSection
EndGlobal
